// !$*UTF8*$!
{
	archiveVersion = 1;
	classes = {
	};
	objectVersion = 56;
	objects = {

/* Begin PBXBuildFile section */
		1E12817828D8D3400011C8FC /* AppDelegate.swift in Sources */ = {isa = PBXBuildFile; fileRef = 1E12817728D8D3400011C8FC /* AppDelegate.swift */; };
		1E12817A28D8D3400011C8FC /* SceneDelegate.swift in Sources */ = {isa = PBXBuildFile; fileRef = 1E12817928D8D3400011C8FC /* SceneDelegate.swift */; };
		1E12817C28D8D3400011C8FC /* MainViewController.swift in Sources */ = {isa = PBXBuildFile; fileRef = 1E12817B28D8D3400011C8FC /* MainViewController.swift */; };
		1E12818128D8D3410011C8FC /* Assets.xcassets in Resources */ = {isa = PBXBuildFile; fileRef = 1E12818028D8D3410011C8FC /* Assets.xcassets */; };
		1E12818428D8D3410011C8FC /* LaunchScreen.storyboard in Resources */ = {isa = PBXBuildFile; fileRef = 1E12818228D8D3410011C8FC /* LaunchScreen.storyboard */; };
		1E221B9728FB4786007031A9 /* SnapKit in Frameworks */ = {isa = PBXBuildFile; productRef = 1E221B9628FB4786007031A9 /* SnapKit */; };
		1E5A928A28EB728600A8CE4E /* MainRouter.swift in Sources */ = {isa = PBXBuildFile; fileRef = 1E5A928928EB728600A8CE4E /* MainRouter.swift */; };
		1E5A928D28EB809500A8CE4E /* CurrentPhotoViewController.swift in Sources */ = {isa = PBXBuildFile; fileRef = 1E5A928C28EB809500A8CE4E /* CurrentPhotoViewController.swift */; };
		1E5A928F28EB9E4800A8CE4E /* CurrentPhotoAssembly.swift in Sources */ = {isa = PBXBuildFile; fileRef = 1E5A928E28EB9E4800A8CE4E /* CurrentPhotoAssembly.swift */; };
		1E5A929128EB9E5900A8CE4E /* CurrentPhotoPresenter.swift in Sources */ = {isa = PBXBuildFile; fileRef = 1E5A929028EB9E5900A8CE4E /* CurrentPhotoPresenter.swift */; };
		1E96981128FDBB6400F3868A /* DetailPhotoInfoAssembly.swift in Sources */ = {isa = PBXBuildFile; fileRef = 1E96981028FDBB6400F3868A /* DetailPhotoInfoAssembly.swift */; };
		1E96981328FDBB7E00F3868A /* DetailPhotoInfoPresenter.swift in Sources */ = {isa = PBXBuildFile; fileRef = 1E96981228FDBB7D00F3868A /* DetailPhotoInfoPresenter.swift */; };
		1E96981528FDBB8A00F3868A /* DetailPhotoInfoViewController.swift in Sources */ = {isa = PBXBuildFile; fileRef = 1E96981428FDBB8A00F3868A /* DetailPhotoInfoViewController.swift */; };
		1E96981828FDC01400F3868A /* TableManager.swift in Sources */ = {isa = PBXBuildFile; fileRef = 1E96981728FDC01400F3868A /* TableManager.swift */; };
		1E96981C28FDEF3A00F3868A /* CellsModels.swift in Sources */ = {isa = PBXBuildFile; fileRef = 1E96981B28FDEF3A00F3868A /* CellsModels.swift */; };
		1E96982028FDF03400F3868A /* LabelCell.swift in Sources */ = {isa = PBXBuildFile; fileRef = 1E96981F28FDF03400F3868A /* LabelCell.swift */; };
		1E9698222900904400F3868A /* MapViewCell.swift in Sources */ = {isa = PBXBuildFile; fileRef = 1E9698212900904400F3868A /* MapViewCell.swift */; };
		1EA1EB5528EDF4DB00EDB7F9 /* CurrentPhotoRouter.swift in Sources */ = {isa = PBXBuildFile; fileRef = 1EA1EB5428EDF4DB00EDB7F9 /* CurrentPhotoRouter.swift */; };
		1EEF6EA228D9DB1300B864AB /* MainAssembly.swift in Sources */ = {isa = PBXBuildFile; fileRef = 1EEF6EA128D9DB1300B864AB /* MainAssembly.swift */; };
		1EEF6EA628D9DB3800B864AB /* MainPresenter.swift in Sources */ = {isa = PBXBuildFile; fileRef = 1EEF6EA528D9DB3800B864AB /* MainPresenter.swift */; };
		1EEF6EAB28D9FEB500B864AB /* NetworkService.swift in Sources */ = {isa = PBXBuildFile; fileRef = 1EEF6EAA28D9FEB500B864AB /* NetworkService.swift */; };
		1EEF6EAE28D9FEF400B864AB /* Models.swift in Sources */ = {isa = PBXBuildFile; fileRef = 1EEF6EAD28D9FEF400B864AB /* Models.swift */; };
		1EEF6EB028DA032400B864AB /* PhotoCell.swift in Sources */ = {isa = PBXBuildFile; fileRef = 1EEF6EAF28DA032400B864AB /* PhotoCell.swift */; };
		1EEF6EB328DA164900B864AB /* Kingfisher in Frameworks */ = {isa = PBXBuildFile; productRef = 1EEF6EB228DA164900B864AB /* Kingfisher */; };
/* End PBXBuildFile section */

/* Begin PBXFileReference section */
		1E12817428D8D3400011C8FC /* gallery.app */ = {isa = PBXFileReference; explicitFileType = wrapper.application; includeInIndex = 0; path = gallery.app; sourceTree = BUILT_PRODUCTS_DIR; };
		1E12817728D8D3400011C8FC /* AppDelegate.swift */ = {isa = PBXFileReference; lastKnownFileType = sourcecode.swift; path = AppDelegate.swift; sourceTree = "<group>"; };
		1E12817928D8D3400011C8FC /* SceneDelegate.swift */ = {isa = PBXFileReference; lastKnownFileType = sourcecode.swift; path = SceneDelegate.swift; sourceTree = "<group>"; };
		1E12817B28D8D3400011C8FC /* MainViewController.swift */ = {isa = PBXFileReference; lastKnownFileType = sourcecode.swift; path = MainViewController.swift; sourceTree = "<group>"; };
		1E12818028D8D3410011C8FC /* Assets.xcassets */ = {isa = PBXFileReference; lastKnownFileType = folder.assetcatalog; path = Assets.xcassets; sourceTree = "<group>"; };
		1E12818328D8D3410011C8FC /* Base */ = {isa = PBXFileReference; lastKnownFileType = file.storyboard; name = Base; path = Base.lproj/LaunchScreen.storyboard; sourceTree = "<group>"; };
		1E12818528D8D3410011C8FC /* Info.plist */ = {isa = PBXFileReference; lastKnownFileType = text.plist.xml; path = Info.plist; sourceTree = "<group>"; };
		1E5A928928EB728600A8CE4E /* MainRouter.swift */ = {isa = PBXFileReference; lastKnownFileType = sourcecode.swift; path = MainRouter.swift; sourceTree = "<group>"; };
		1E5A928C28EB809500A8CE4E /* CurrentPhotoViewController.swift */ = {isa = PBXFileReference; lastKnownFileType = sourcecode.swift; path = CurrentPhotoViewController.swift; sourceTree = "<group>"; };
		1E5A928E28EB9E4800A8CE4E /* CurrentPhotoAssembly.swift */ = {isa = PBXFileReference; lastKnownFileType = sourcecode.swift; path = CurrentPhotoAssembly.swift; sourceTree = "<group>"; };
		1E5A929028EB9E5900A8CE4E /* CurrentPhotoPresenter.swift */ = {isa = PBXFileReference; lastKnownFileType = sourcecode.swift; path = CurrentPhotoPresenter.swift; sourceTree = "<group>"; };
		1E96981028FDBB6400F3868A /* DetailPhotoInfoAssembly.swift */ = {isa = PBXFileReference; lastKnownFileType = sourcecode.swift; path = DetailPhotoInfoAssembly.swift; sourceTree = "<group>"; };
		1E96981228FDBB7D00F3868A /* DetailPhotoInfoPresenter.swift */ = {isa = PBXFileReference; lastKnownFileType = sourcecode.swift; path = DetailPhotoInfoPresenter.swift; sourceTree = "<group>"; };
		1E96981428FDBB8A00F3868A /* DetailPhotoInfoViewController.swift */ = {isa = PBXFileReference; lastKnownFileType = sourcecode.swift; path = DetailPhotoInfoViewController.swift; sourceTree = "<group>"; };
		1E96981728FDC01400F3868A /* TableManager.swift */ = {isa = PBXFileReference; lastKnownFileType = sourcecode.swift; path = TableManager.swift; sourceTree = "<group>"; };
		1E96981B28FDEF3A00F3868A /* CellsModels.swift */ = {isa = PBXFileReference; lastKnownFileType = sourcecode.swift; path = CellsModels.swift; sourceTree = "<group>"; };
		1E96981F28FDF03400F3868A /* LabelCell.swift */ = {isa = PBXFileReference; lastKnownFileType = sourcecode.swift; path = LabelCell.swift; sourceTree = "<group>"; };
		1E9698212900904400F3868A /* MapViewCell.swift */ = {isa = PBXFileReference; lastKnownFileType = sourcecode.swift; path = MapViewCell.swift; sourceTree = "<group>"; };
		1EA1EB5428EDF4DB00EDB7F9 /* CurrentPhotoRouter.swift */ = {isa = PBXFileReference; lastKnownFileType = sourcecode.swift; path = CurrentPhotoRouter.swift; sourceTree = "<group>"; };
		1EEF6EA128D9DB1300B864AB /* MainAssembly.swift */ = {isa = PBXFileReference; lastKnownFileType = sourcecode.swift; path = MainAssembly.swift; sourceTree = "<group>"; };
		1EEF6EA528D9DB3800B864AB /* MainPresenter.swift */ = {isa = PBXFileReference; lastKnownFileType = sourcecode.swift; path = MainPresenter.swift; sourceTree = "<group>"; };
		1EEF6EAA28D9FEB500B864AB /* NetworkService.swift */ = {isa = PBXFileReference; lastKnownFileType = sourcecode.swift; path = NetworkService.swift; sourceTree = "<group>"; };
		1EEF6EAD28D9FEF400B864AB /* Models.swift */ = {isa = PBXFileReference; lastKnownFileType = sourcecode.swift; path = Models.swift; sourceTree = "<group>"; };
		1EEF6EAF28DA032400B864AB /* PhotoCell.swift */ = {isa = PBXFileReference; lastKnownFileType = sourcecode.swift; path = PhotoCell.swift; sourceTree = "<group>"; };
/* End PBXFileReference section */

/* Begin PBXFrameworksBuildPhase section */
		1E12817128D8D3400011C8FC /* Frameworks */ = {
			isa = PBXFrameworksBuildPhase;
			buildActionMask = 2147483647;
			files = (
				1EEF6EB328DA164900B864AB /* Kingfisher in Frameworks */,
				1E221B9728FB4786007031A9 /* SnapKit in Frameworks */,
			);
			runOnlyForDeploymentPostprocessing = 0;
		};
/* End PBXFrameworksBuildPhase section */

/* Begin PBXGroup section */
		1E12816B28D8D3400011C8FC = {
			isa = PBXGroup;
			children = (
				1E12817628D8D3400011C8FC /* gallery */,
				1E12817528D8D3400011C8FC /* Products */,
			);
			sourceTree = "<group>";
		};
		1E12817528D8D3400011C8FC /* Products */ = {
			isa = PBXGroup;
			children = (
				1E12817428D8D3400011C8FC /* gallery.app */,
			);
			name = Products;
			sourceTree = "<group>";
		};
		1E12817628D8D3400011C8FC /* gallery */ = {
			isa = PBXGroup;
			children = (
				1EEF6E9F28D9D63100B864AB /* App */,
				1EEF6EA928D9FE9D00B864AB /* NetworkService */,
				1EEF6EA028D9DAFB00B864AB /* Modules */,
				1E12818028D8D3410011C8FC /* Assets.xcassets */,
				1E12818228D8D3410011C8FC /* LaunchScreen.storyboard */,
				1E12818528D8D3410011C8FC /* Info.plist */,
			);
			path = gallery;
			sourceTree = "<group>";
		};
		1E5A928B28EB7ED800A8CE4E /* CurrentPhoto */ = {
			isa = PBXGroup;
			children = (
				1E5A928E28EB9E4800A8CE4E /* CurrentPhotoAssembly.swift */,
				1E5A929028EB9E5900A8CE4E /* CurrentPhotoPresenter.swift */,
				1E5A928C28EB809500A8CE4E /* CurrentPhotoViewController.swift */,
				1EA1EB5428EDF4DB00EDB7F9 /* CurrentPhotoRouter.swift */,
			);
			name = CurrentPhoto;
			sourceTree = "<group>";
		};
		1E96980F28FDBB4600F3868A /* DetailPhotoInfoScreen */ = {
			isa = PBXGroup;
			children = (
				1E96981028FDBB6400F3868A /* DetailPhotoInfoAssembly.swift */,
				1E96981228FDBB7D00F3868A /* DetailPhotoInfoPresenter.swift */,
				1E96981428FDBB8A00F3868A /* DetailPhotoInfoViewController.swift */,
				1E96981628FDBFFE00F3868A /* TableManager */,
			);
			name = DetailPhotoInfoScreen;
			sourceTree = "<group>";
		};
		1E96981628FDBFFE00F3868A /* TableManager */ = {
			isa = PBXGroup;
			children = (
				1E96981728FDC01400F3868A /* TableManager.swift */,
				1E96981928FDEEF600F3868A /* CellsModels */,
				1E96981A28FDEF1000F3868A /* CellsViews */,
			);
			name = TableManager;
			sourceTree = "<group>";
		};
		1E96981928FDEEF600F3868A /* CellsModels */ = {
			isa = PBXGroup;
			children = (
				1E96981B28FDEF3A00F3868A /* CellsModels.swift */,
			);
			name = CellsModels;
			sourceTree = "<group>";
		};
		1E96981A28FDEF1000F3868A /* CellsViews */ = {
			isa = PBXGroup;
			children = (
				1E96981F28FDF03400F3868A /* LabelCell.swift */,
				1E9698212900904400F3868A /* MapViewCell.swift */,
			);
			name = CellsViews;
			sourceTree = "<group>";
		};
		1EEF6E9F28D9D63100B864AB /* App */ = {
			isa = PBXGroup;
			children = (
				1E12817728D8D3400011C8FC /* AppDelegate.swift */,
				1E12817928D8D3400011C8FC /* SceneDelegate.swift */,
			);
			path = App;
			sourceTree = "<group>";
		};
		1EEF6EA028D9DAFB00B864AB /* Modules */ = {
			isa = PBXGroup;
			children = (
				1EFB26FC28E5E46D002BE9AB /* MainScreen */,
				1E5A928B28EB7ED800A8CE4E /* CurrentPhoto */,
				1E96980F28FDBB4600F3868A /* DetailPhotoInfoScreen */,
			);
			path = Modules;
			sourceTree = "<group>";
		};
		1EEF6EA928D9FE9D00B864AB /* NetworkService */ = {
			isa = PBXGroup;
			children = (
				1EEF6EAA28D9FEB500B864AB /* NetworkService.swift */,
				1EEF6EAC28D9FED400B864AB /* models */,
			);
			path = NetworkService;
			sourceTree = "<group>";
		};
		1EEF6EAC28D9FED400B864AB /* models */ = {
			isa = PBXGroup;
			children = (
				1EEF6EAD28D9FEF400B864AB /* Models.swift */,
			);
			path = models;
			sourceTree = "<group>";
		};
		1EFB26FC28E5E46D002BE9AB /* MainScreen */ = {
			isa = PBXGroup;
			children = (
				1EEF6EA128D9DB1300B864AB /* MainAssembly.swift */,
				1EEF6EA528D9DB3800B864AB /* MainPresenter.swift */,
				1E12817B28D8D3400011C8FC /* MainViewController.swift */,
				1E5A928928EB728600A8CE4E /* MainRouter.swift */,
				1EEF6EAF28DA032400B864AB /* PhotoCell.swift */,
			);
			name = MainScreen;
			sourceTree = "<group>";
		};
/* End PBXGroup section */

/* Begin PBXNativeTarget section */
		1E12817328D8D3400011C8FC /* gallery */ = {
			isa = PBXNativeTarget;
			buildConfigurationList = 1E12818828D8D3410011C8FC /* Build configuration list for PBXNativeTarget "gallery" */;
			buildPhases = (
				1E12817028D8D3400011C8FC /* Sources */,
				1E12817128D8D3400011C8FC /* Frameworks */,
				1E12817228D8D3400011C8FC /* Resources */,
			);
			buildRules = (
			);
			dependencies = (
			);
			name = gallery;
			packageProductDependencies = (
				1EEF6EB228DA164900B864AB /* Kingfisher */,
				1E221B9628FB4786007031A9 /* SnapKit */,
			);
			productName = gallery;
			productReference = 1E12817428D8D3400011C8FC /* gallery.app */;
			productType = "com.apple.product-type.application";
		};
/* End PBXNativeTarget section */

/* Begin PBXProject section */
		1E12816C28D8D3400011C8FC /* Project object */ = {
			isa = PBXProject;
			attributes = {
				BuildIndependentTargetsInParallel = 1;
				LastSwiftUpdateCheck = 1400;
				LastUpgradeCheck = 1400;
				TargetAttributes = {
					1E12817328D8D3400011C8FC = {
						CreatedOnToolsVersion = 14.0;
					};
				};
			};
			buildConfigurationList = 1E12816F28D8D3400011C8FC /* Build configuration list for PBXProject "gallery" */;
			compatibilityVersion = "Xcode 14.0";
			developmentRegion = en;
			hasScannedForEncodings = 0;
			knownRegions = (
				en,
				Base,
			);
			mainGroup = 1E12816B28D8D3400011C8FC;
			packageReferences = (
				1EEF6EB128DA164900B864AB /* XCRemoteSwiftPackageReference "Kingfisher" */,
				1E221B9528FB4786007031A9 /* XCRemoteSwiftPackageReference "SnapKit" */,
			);
			productRefGroup = 1E12817528D8D3400011C8FC /* Products */;
			projectDirPath = "";
			projectRoot = "";
			targets = (
				1E12817328D8D3400011C8FC /* gallery */,
			);
		};
/* End PBXProject section */

/* Begin PBXResourcesBuildPhase section */
		1E12817228D8D3400011C8FC /* Resources */ = {
			isa = PBXResourcesBuildPhase;
			buildActionMask = 2147483647;
			files = (
				1E12818428D8D3410011C8FC /* LaunchScreen.storyboard in Resources */,
				1E12818128D8D3410011C8FC /* Assets.xcassets in Resources */,
			);
			runOnlyForDeploymentPostprocessing = 0;
		};
/* End PBXResourcesBuildPhase section */

/* Begin PBXSourcesBuildPhase section */
		1E12817028D8D3400011C8FC /* Sources */ = {
			isa = PBXSourcesBuildPhase;
			buildActionMask = 2147483647;
			files = (
				1E5A928F28EB9E4800A8CE4E /* CurrentPhotoAssembly.swift in Sources */,
				1E12817C28D8D3400011C8FC /* MainViewController.swift in Sources */,
				1EEF6EA628D9DB3800B864AB /* MainPresenter.swift in Sources */,
				1E96981128FDBB6400F3868A /* DetailPhotoInfoAssembly.swift in Sources */,
				1E96981828FDC01400F3868A /* TableManager.swift in Sources */,
				1EA1EB5528EDF4DB00EDB7F9 /* CurrentPhotoRouter.swift in Sources */,
				1E12817828D8D3400011C8FC /* AppDelegate.swift in Sources */,
				1E96981528FDBB8A00F3868A /* DetailPhotoInfoViewController.swift in Sources */,
				1EEF6EA228D9DB1300B864AB /* MainAssembly.swift in Sources */,
				1EEF6EAE28D9FEF400B864AB /* Models.swift in Sources */,
				1EEF6EB028DA032400B864AB /* PhotoCell.swift in Sources */,
				1EEF6EAB28D9FEB500B864AB /* NetworkService.swift in Sources */,
				1E5A928D28EB809500A8CE4E /* CurrentPhotoViewController.swift in Sources */,
				1E96981C28FDEF3A00F3868A /* CellsModels.swift in Sources */,
				1E12817A28D8D3400011C8FC /* SceneDelegate.swift in Sources */,
				1E5A928A28EB728600A8CE4E /* MainRouter.swift in Sources */,
				1E5A929128EB9E5900A8CE4E /* CurrentPhotoPresenter.swift in Sources */,
				1E9698222900904400F3868A /* MapViewCell.swift in Sources */,
				1E96982028FDF03400F3868A /* LabelCell.swift in Sources */,
				1E96981328FDBB7E00F3868A /* DetailPhotoInfoPresenter.swift in Sources */,
			);
			runOnlyForDeploymentPostprocessing = 0;
		};
/* End PBXSourcesBuildPhase section */

/* Begin PBXVariantGroup section */
		1E12818228D8D3410011C8FC /* LaunchScreen.storyboard */ = {
			isa = PBXVariantGroup;
			children = (
				1E12818328D8D3410011C8FC /* Base */,
			);
			name = LaunchScreen.storyboard;
			sourceTree = "<group>";
		};
/* End PBXVariantGroup section */

/* Begin XCBuildConfiguration section */
		1E12818628D8D3410011C8FC /* Debug */ = {
			isa = XCBuildConfiguration;
			buildSettings = {
				ALWAYS_SEARCH_USER_PATHS = NO;
				CLANG_ANALYZER_NONNULL = YES;
				CLANG_ANALYZER_NUMBER_OBJECT_CONVERSION = YES_AGGRESSIVE;
				CLANG_CXX_LANGUAGE_STANDARD = "gnu++20";
				CLANG_ENABLE_MODULES = YES;
				CLANG_ENABLE_OBJC_ARC = YES;
				CLANG_ENABLE_OBJC_WEAK = YES;
				CLANG_WARN_BLOCK_CAPTURE_AUTORELEASING = YES;
				CLANG_WARN_BOOL_CONVERSION = YES;
				CLANG_WARN_COMMA = YES;
				CLANG_WARN_CONSTANT_CONVERSION = YES;
				CLANG_WARN_DEPRECATED_OBJC_IMPLEMENTATIONS = YES;
				CLANG_WARN_DIRECT_OBJC_ISA_USAGE = YES_ERROR;
				CLANG_WARN_DOCUMENTATION_COMMENTS = YES;
				CLANG_WARN_EMPTY_BODY = YES;
				CLANG_WARN_ENUM_CONVERSION = YES;
				CLANG_WARN_INFINITE_RECURSION = YES;
				CLANG_WARN_INT_CONVERSION = YES;
				CLANG_WARN_NON_LITERAL_NULL_CONVERSION = YES;
				CLANG_WARN_OBJC_IMPLICIT_RETAIN_SELF = YES;
				CLANG_WARN_OBJC_LITERAL_CONVERSION = YES;
				CLANG_WARN_OBJC_ROOT_CLASS = YES_ERROR;
				CLANG_WARN_QUOTED_INCLUDE_IN_FRAMEWORK_HEADER = YES;
				CLANG_WARN_RANGE_LOOP_ANALYSIS = YES;
				CLANG_WARN_STRICT_PROTOTYPES = YES;
				CLANG_WARN_SUSPICIOUS_MOVE = YES;
				CLANG_WARN_UNGUARDED_AVAILABILITY = YES_AGGRESSIVE;
				CLANG_WARN_UNREACHABLE_CODE = YES;
				CLANG_WARN__DUPLICATE_METHOD_MATCH = YES;
				COPY_PHASE_STRIP = NO;
				DEBUG_INFORMATION_FORMAT = dwarf;
				ENABLE_STRICT_OBJC_MSGSEND = YES;
				ENABLE_TESTABILITY = YES;
				GCC_C_LANGUAGE_STANDARD = gnu11;
				GCC_DYNAMIC_NO_PIC = NO;
				GCC_NO_COMMON_BLOCKS = YES;
				GCC_OPTIMIZATION_LEVEL = 0;
				GCC_PREPROCESSOR_DEFINITIONS = (
					"DEBUG=1",
					"$(inherited)",
				);
				GCC_WARN_64_TO_32_BIT_CONVERSION = YES;
				GCC_WARN_ABOUT_RETURN_TYPE = YES_ERROR;
				GCC_WARN_UNDECLARED_SELECTOR = YES;
				GCC_WARN_UNINITIALIZED_AUTOS = YES_AGGRESSIVE;
				GCC_WARN_UNUSED_FUNCTION = YES;
				GCC_WARN_UNUSED_VARIABLE = YES;
				IPHONEOS_DEPLOYMENT_TARGET = 16.0;
				MTL_ENABLE_DEBUG_INFO = INCLUDE_SOURCE;
				MTL_FAST_MATH = YES;
				ONLY_ACTIVE_ARCH = YES;
				SDKROOT = iphoneos;
				SWIFT_ACTIVE_COMPILATION_CONDITIONS = DEBUG;
				SWIFT_OPTIMIZATION_LEVEL = "-Onone";
			};
			name = Debug;
		};
		1E12818728D8D3410011C8FC /* Release */ = {
			isa = XCBuildConfiguration;
			buildSettings = {
				ALWAYS_SEARCH_USER_PATHS = NO;
				CLANG_ANALYZER_NONNULL = YES;
				CLANG_ANALYZER_NUMBER_OBJECT_CONVERSION = YES_AGGRESSIVE;
				CLANG_CXX_LANGUAGE_STANDARD = "gnu++20";
				CLANG_ENABLE_MODULES = YES;
				CLANG_ENABLE_OBJC_ARC = YES;
				CLANG_ENABLE_OBJC_WEAK = YES;
				CLANG_WARN_BLOCK_CAPTURE_AUTORELEASING = YES;
				CLANG_WARN_BOOL_CONVERSION = YES;
				CLANG_WARN_COMMA = YES;
				CLANG_WARN_CONSTANT_CONVERSION = YES;
				CLANG_WARN_DEPRECATED_OBJC_IMPLEMENTATIONS = YES;
				CLANG_WARN_DIRECT_OBJC_ISA_USAGE = YES_ERROR;
				CLANG_WARN_DOCUMENTATION_COMMENTS = YES;
				CLANG_WARN_EMPTY_BODY = YES;
				CLANG_WARN_ENUM_CONVERSION = YES;
				CLANG_WARN_INFINITE_RECURSION = YES;
				CLANG_WARN_INT_CONVERSION = YES;
				CLANG_WARN_NON_LITERAL_NULL_CONVERSION = YES;
				CLANG_WARN_OBJC_IMPLICIT_RETAIN_SELF = YES;
				CLANG_WARN_OBJC_LITERAL_CONVERSION = YES;
				CLANG_WARN_OBJC_ROOT_CLASS = YES_ERROR;
				CLANG_WARN_QUOTED_INCLUDE_IN_FRAMEWORK_HEADER = YES;
				CLANG_WARN_RANGE_LOOP_ANALYSIS = YES;
				CLANG_WARN_STRICT_PROTOTYPES = YES;
				CLANG_WARN_SUSPICIOUS_MOVE = YES;
				CLANG_WARN_UNGUARDED_AVAILABILITY = YES_AGGRESSIVE;
				CLANG_WARN_UNREACHABLE_CODE = YES;
				CLANG_WARN__DUPLICATE_METHOD_MATCH = YES;
				COPY_PHASE_STRIP = NO;
				DEBUG_INFORMATION_FORMAT = "dwarf-with-dsym";
				ENABLE_NS_ASSERTIONS = NO;
				ENABLE_STRICT_OBJC_MSGSEND = YES;
				GCC_C_LANGUAGE_STANDARD = gnu11;
				GCC_NO_COMMON_BLOCKS = YES;
				GCC_WARN_64_TO_32_BIT_CONVERSION = YES;
				GCC_WARN_ABOUT_RETURN_TYPE = YES_ERROR;
				GCC_WARN_UNDECLARED_SELECTOR = YES;
				GCC_WARN_UNINITIALIZED_AUTOS = YES_AGGRESSIVE;
				GCC_WARN_UNUSED_FUNCTION = YES;
				GCC_WARN_UNUSED_VARIABLE = YES;
				IPHONEOS_DEPLOYMENT_TARGET = 16.0;
				MTL_ENABLE_DEBUG_INFO = NO;
				MTL_FAST_MATH = YES;
				SDKROOT = iphoneos;
				SWIFT_COMPILATION_MODE = wholemodule;
				SWIFT_OPTIMIZATION_LEVEL = "-O";
				VALIDATE_PRODUCT = YES;
			};
			name = Release;
		};
		1E12818928D8D3410011C8FC /* Debug */ = {
			isa = XCBuildConfiguration;
			buildSettings = {
				ASSETCATALOG_COMPILER_APPICON_NAME = AppIcon;
				ASSETCATALOG_COMPILER_GLOBAL_ACCENT_COLOR_NAME = AccentColor;
				CODE_SIGN_STYLE = Automatic;
				CURRENT_PROJECT_VERSION = 1;
				DEVELOPMENT_TEAM = A3JHD7MWF8;
				GENERATE_INFOPLIST_FILE = YES;
				INFOPLIST_FILE = gallery/Info.plist;
				INFOPLIST_KEY_CFBundleDisplayName = ImageGallery;
				INFOPLIST_KEY_UIApplicationSupportsIndirectInputEvents = YES;
				INFOPLIST_KEY_UILaunchStoryboardName = LaunchScreen.storyboard;
				INFOPLIST_KEY_UIRequiresFullScreen = NO;
				INFOPLIST_KEY_UIStatusBarStyle = "";
				INFOPLIST_KEY_UISupportedInterfaceOrientations = UIInterfaceOrientationPortrait;
				LD_RUNPATH_SEARCH_PATHS = (
					"$(inherited)",
					"@executable_path/Frameworks",
				);
				MARKETING_VERSION = 1.0;
				PRODUCT_BUNDLE_IDENTIFIER = pavelkrivtsov.gallery;
				PRODUCT_NAME = "$(TARGET_NAME)";
				SUPPORTED_PLATFORMS = "iphoneos iphonesimulator";
				SUPPORTS_MACCATALYST = NO;
				SUPPORTS_MAC_DESIGNED_FOR_IPHONE_IPAD = NO;
				SWIFT_EMIT_LOC_STRINGS = YES;
				SWIFT_VERSION = 5.0;
				TARGETED_DEVICE_FAMILY = "1,2";
			};
			name = Debug;
		};
		1E12818A28D8D3410011C8FC /* Release */ = {
			isa = XCBuildConfiguration;
			buildSettings = {
				ASSETCATALOG_COMPILER_APPICON_NAME = AppIcon;
				ASSETCATALOG_COMPILER_GLOBAL_ACCENT_COLOR_NAME = AccentColor;
				CODE_SIGN_STYLE = Automatic;
				CURRENT_PROJECT_VERSION = 1;
				DEVELOPMENT_TEAM = A3JHD7MWF8;
				GENERATE_INFOPLIST_FILE = YES;
				INFOPLIST_FILE = gallery/Info.plist;
				INFOPLIST_KEY_CFBundleDisplayName = ImageGallery;
				INFOPLIST_KEY_UIApplicationSupportsIndirectInputEvents = YES;
				INFOPLIST_KEY_UILaunchStoryboardName = LaunchScreen.storyboard;
				INFOPLIST_KEY_UIRequiresFullScreen = NO;
				INFOPLIST_KEY_UIStatusBarStyle = "";
				INFOPLIST_KEY_UISupportedInterfaceOrientations = UIInterfaceOrientationPortrait;
				LD_RUNPATH_SEARCH_PATHS = (
					"$(inherited)",
					"@executable_path/Frameworks",
				);
				MARKETING_VERSION = 1.0;
				PRODUCT_BUNDLE_IDENTIFIER = pavelkrivtsov.gallery;
				PRODUCT_NAME = "$(TARGET_NAME)";
				SUPPORTED_PLATFORMS = "iphoneos iphonesimulator";
				SUPPORTS_MACCATALYST = NO;
				SUPPORTS_MAC_DESIGNED_FOR_IPHONE_IPAD = NO;
				SWIFT_EMIT_LOC_STRINGS = YES;
				SWIFT_VERSION = 5.0;
				TARGETED_DEVICE_FAMILY = "1,2";
			};
			name = Release;
		};
/* End XCBuildConfiguration section */

/* Begin XCConfigurationList section */
		1E12816F28D8D3400011C8FC /* Build configuration list for PBXProject "gallery" */ = {
			isa = XCConfigurationList;
			buildConfigurations = (
				1E12818628D8D3410011C8FC /* Debug */,
				1E12818728D8D3410011C8FC /* Release */,
			);
			defaultConfigurationIsVisible = 0;
			defaultConfigurationName = Release;
		};
		1E12818828D8D3410011C8FC /* Build configuration list for PBXNativeTarget "gallery" */ = {
			isa = XCConfigurationList;
			buildConfigurations = (
				1E12818928D8D3410011C8FC /* Debug */,
				1E12818A28D8D3410011C8FC /* Release */,
			);
			defaultConfigurationIsVisible = 0;
			defaultConfigurationName = Release;
		};
/* End XCConfigurationList section */

/* Begin XCRemoteSwiftPackageReference section */
		1E221B9528FB4786007031A9 /* XCRemoteSwiftPackageReference "SnapKit" */ = {
			isa = XCRemoteSwiftPackageReference;
			repositoryURL = "https://github.com/SnapKit/SnapKit.git";
			requirement = {
				kind = upToNextMajorVersion;
				minimumVersion = 5.0.0;
			};
		};
		1EEF6EB128DA164900B864AB /* XCRemoteSwiftPackageReference "Kingfisher" */ = {
			isa = XCRemoteSwiftPackageReference;
			repositoryURL = "https://github.com/onevcat/Kingfisher.git";
			requirement = {
				kind = upToNextMajorVersion;
				minimumVersion = 7.0.0;
			};
		};
/* End XCRemoteSwiftPackageReference section */

/* Begin XCSwiftPackageProductDependency section */
		1E221B9628FB4786007031A9 /* SnapKit */ = {
			isa = XCSwiftPackageProductDependency;
			package = 1E221B9528FB4786007031A9 /* XCRemoteSwiftPackageReference "SnapKit" */;
			productName = SnapKit;
		};
		1EEF6EB228DA164900B864AB /* Kingfisher */ = {
			isa = XCSwiftPackageProductDependency;
			package = 1EEF6EB128DA164900B864AB /* XCRemoteSwiftPackageReference "Kingfisher" */;
			productName = Kingfisher;
		};
/* End XCSwiftPackageProductDependency section */
	};
	rootObject = 1E12816C28D8D3400011C8FC /* Project object */;
}
